
Microsoft Visual Studio Solution File, Format Version 12.00
Project("{FAE04EC0-301F-11D3-BF4B-00C04F79EFBC}") = "Module7", "Module7.csproj", "{D5C8CBF4-E85D-4F4B-9A00-76E484A324C0}"
EndProject
Global
	GlobalSection(SolutionConfigurationPlatforms) = preSolution
		Debug|Any CPU = Debug|Any CPU
		Release|Any CPU = Release|Any CPU
	EndGlobalSection
	GlobalSection(ProjectConfigurationPlatforms) = postSolution
		{D5C8CBF4-E85D-4F4B-9A00-76E484A324C0}.Debug|Any CPU.ActiveCfg = Debug|Any CPU
		{D5C8CBF4-E85D-4F4B-9A00-76E484A324C0}.Debug|Any CPU.Build.0 = Debug|Any CPU
		{D5C8CBF4-E85D-4F4B-9A00-76E484A324C0}.Release|Any CPU.ActiveCfg = Release|Any CPU
		{D5C8CBF4-E85D-4F4B-9A00-76E484A324C0}.Release|Any CPU.Build.0 = Release|Any CPU
	EndGlobalSection
EndGlobal
